
Microsoft Visual Studio Solution File, Format Version 12.00
# Visual Studio Version 17
VisualStudioVersion = 17.13.35913.81 d17.13
MinimumVisualStudioVersion = 10.0.40219.1
Project("{FAE04EC0-301F-11D3-BF4B-00C04F79EFBC}") = "ToolBox", "ToolBox\ToolBox.csproj", "{7E6C672A-F971-4A5C-B34A-1F2A98C89FE1}"
EndProject
Global
	GlobalSection(SolutionConfigurationPlatforms) = preSolution
		Debug|Any CPU = Debug|Any CPU
		Release|Any CPU = Release|Any CPU
	EndGlobalSection
	GlobalSection(ProjectConfigurationPlatforms) = postSolution
		{7E6C672A-F971-4A5C-B34A-1F2A98C89FE1}.Debug|Any CPU.ActiveCfg = Debug|Any CPU
		{7E6C672A-F971-4A5C-B34A-1F2A98C89FE1}.Debug|Any CPU.Build.0 = Debug|Any CPU
		{7E6C672A-F971-4A5C-B34A-1F2A98C89FE1}.Release|Any CPU.ActiveCfg = Release|Any CPU
		{7E6C672A-F971-4A5C-B34A-1F2A98C89FE1}.Release|Any CPU.Build.0 = Release|Any CPU
	EndGlobalSection
	GlobalSection(SolutionProperties) = preSolution
		HideSolutionNode = FALSE
	EndGlobalSection
	GlobalSection(ExtensibilityGlobals) = postSolution
		SolutionGuid = {5DE6E86B-B8FA-4D60-B769-D60513B989A7}
	EndGlobalSection
EndGlobal
